
Microsoft Visual Studio Solution File, Format Version 12.00
# Visual Studio 14
VisualStudioVersion = 14.0.25420.1
MinimumVisualStudioVersion = 10.0.40219.1
Project("{2150E333-8FDC-42A3-9474-1A3956D46DE8}") = "src", "src", "{6DDF371F-6E34-4AAE-847A-CA2FEAD302D3}"
EndProject
Project("{2150E333-8FDC-42A3-9474-1A3956D46DE8}") = "Solution Items", "Solution Items", "{501158F8-F031-4704-BE43-F0644FE263CA}"
	ProjectSection(SolutionItems) = preProject
		global.json = global.json
	EndProjectSection
EndProject
Project("{8BB2217D-0F2D-49D1-97BC-3654ED321F3B}") = "MC.Api", "src\MC.Api\MC.Api.xproj", "{5DECC574-08F6-4754-92F8-7F5E54B9D6EA}"
EndProject
Project("{8BB2217D-0F2D-49D1-97BC-3654ED321F3B}") = "MC.Angular", "src\MC.Angular\MC.Angular.xproj", "{D6B1978D-199C-4A57-812B-99003AA80B36}"
EndProject
Global
	GlobalSection(SolutionConfigurationPlatforms) = preSolution
		Debug|Any CPU = Debug|Any CPU
		Release|Any CPU = Release|Any CPU
	EndGlobalSection
	GlobalSection(ProjectConfigurationPlatforms) = postSolution
		{5DECC574-08F6-4754-92F8-7F5E54B9D6EA}.Debug|Any CPU.ActiveCfg = Debug|Any CPU
		{5DECC574-08F6-4754-92F8-7F5E54B9D6EA}.Debug|Any CPU.Build.0 = Debug|Any CPU
		{5DECC574-08F6-4754-92F8-7F5E54B9D6EA}.Release|Any CPU.ActiveCfg = Release|Any CPU
		{5DECC574-08F6-4754-92F8-7F5E54B9D6EA}.Release|Any CPU.Build.0 = Release|Any CPU
		{D6B1978D-199C-4A57-812B-99003AA80B36}.Debug|Any CPU.ActiveCfg = Debug|Any CPU
		{D6B1978D-199C-4A57-812B-99003AA80B36}.Debug|Any CPU.Build.0 = Debug|Any CPU
		{D6B1978D-199C-4A57-812B-99003AA80B36}.Release|Any CPU.ActiveCfg = Release|Any CPU
		{D6B1978D-199C-4A57-812B-99003AA80B36}.Release|Any CPU.Build.0 = Release|Any CPU
	EndGlobalSection
	GlobalSection(SolutionProperties) = preSolution
		HideSolutionNode = FALSE
	EndGlobalSection
	GlobalSection(NestedProjects) = preSolution
		{5DECC574-08F6-4754-92F8-7F5E54B9D6EA} = {6DDF371F-6E34-4AAE-847A-CA2FEAD302D3}
		{D6B1978D-199C-4A57-812B-99003AA80B36} = {6DDF371F-6E34-4AAE-847A-CA2FEAD302D3}
	EndGlobalSection
EndGlobal
